
Microsoft Visual Studio Solution File, Format Version 12.00
# Visual Studio Version 17
VisualStudioVersion = 17.11.35222.181
MinimumVisualStudioVersion = 10.0.40219.1
Project("{FAE04EC0-301F-11D3-BF4B-00C04F79EFBC}") = "pbo-module-task", "pbo-module-task.csproj", "{D918E3EE-5133-4DC3-B1E4-197E7B78211C}"
EndProject
Global
	GlobalSection(SolutionConfigurationPlatforms) = preSolution
		Debug|Any CPU = Debug|Any CPU
		Release|Any CPU = Release|Any CPU
	EndGlobalSection
	GlobalSection(ProjectConfigurationPlatforms) = postSolution
		{D918E3EE-5133-4DC3-B1E4-197E7B78211C}.Debug|Any CPU.ActiveCfg = Debug|Any CPU
		{D918E3EE-5133-4DC3-B1E4-197E7B78211C}.Debug|Any CPU.Build.0 = Debug|Any CPU
		{D918E3EE-5133-4DC3-B1E4-197E7B78211C}.Release|Any CPU.ActiveCfg = Release|Any CPU
		{D918E3EE-5133-4DC3-B1E4-197E7B78211C}.Release|Any CPU.Build.0 = Release|Any CPU
	EndGlobalSection
	GlobalSection(SolutionProperties) = preSolution
		HideSolutionNode = FALSE
	EndGlobalSection
	GlobalSection(ExtensibilityGlobals) = postSolution
		SolutionGuid = {4B01CC04-C7BB-426D-B579-B3D8C72106DB}
	EndGlobalSection
EndGlobal
